{
  "name": "greeter",
  "version": "0.0.0",
  "lockfileVersion": 3,
  "requires": true,
  "packages": {
    "": {
      "name": "greeter",
      "version": "0.0.0",
      "license": "MIT",
      "dependencies": {
        "@restatedev/restate-sdk": "^1.9.1",
        "@restatedev/restate-sdk-clients": "^1.9.1"
      },
      "devDependencies": {
        "@types/node": "^24.10.4",
        "typescript": "^5.0.2"
      }
    },
    "node_modules/@restatedev/restate-sdk": {
      "version": "1.9.1",
      "resolved": "https://registry.npmjs.org/@restatedev/restate-sdk/-/restate-sdk-1.9.1.tgz",
      "integrity": "sha512-8w6t7cG5mXMgI+YPxIuPuplVX12lKbgne1byzmkQtif9lpPT6gjd7ce1EmWrUtsD25WCL+lf4iKU/usfqaXQCg==",
      "license": "MIT",
      "dependencies": {
        "@restatedev/restate-sdk-core": "^1.9.1"
      },
      "engines": {
        "node": ">= 20.19"
      }
    },
    "node_modules/@restatedev/restate-sdk-clients": {
      "version": "1.9.1",
      "resolved": "https://registry.npmjs.org/@restatedev/restate-sdk-clients/-/restate-sdk-clients-1.9.1.tgz",
      "integrity": "sha512-dOZVBDVvjK8SwgTPwMM5UYYXTU+8BHk4D9QTtDUYca/lOgVAIHoQEPy5e50UJ+/cCo6NouD9lmIC+6qKbN3dsA==",
      "license": "MIT",
      "dependencies": {
        "@restatedev/restate-sdk-core": "^1.9.1"
      },
      "engines": {
        "node": ">= 20.19"
      }
    },
    "node_modules/@restatedev/restate-sdk-core": {
      "version": "1.9.1",
      "resolved": "https://registry.npmjs.org/@restatedev/restate-sdk-core/-/restate-sdk-core-1.9.1.tgz",
      "integrity": "sha512-/ISSWBF0YAH0mhIhnd6VFuFLMp6AckdfGyfU+CdJDccysxH1qp0QuI5oJ5UArexoFTI6LXrWkYg2/nZebO96gA==",
      "license": "MIT",
      "engines": {
        "node": ">= 20.19"
      }
    },
    "node_modules/@types/node": {
      "version": "24.10.4",
      "resolved": "https://registry.npmjs.org/@types/node/-/node-24.10.4.tgz",
      "integrity": "sha512-vnDVpYPMzs4wunl27jHrfmwojOGKya0xyM3sH+UE5iv5uPS6vX7UIoh6m+vQc5LGBq52HBKPIn/zcSZVzeDEZg==",
      "dev": true,
      "license": "MIT",
      "dependencies": {
        "undici-types": "~7.16.0"
      }
    },
    "node_modules/typescript": {
      "version": "5.9.3",
      "resolved": "https://registry.npmjs.org/typescript/-/typescript-5.9.3.tgz",
      "integrity": "sha512-jl1vZzPDinLr9eUt3J/t7V6FgNEw9QjvBPdysz9KfQDD41fQrC2Y4vKQdiaUpFT4bXlb1RHhLpp8wtm6M5TgSw==",
      "dev": true,
      "license": "Apache-2.0",
      "bin": {
        "tsc": "bin/tsc",
        "tsserver": "bin/tsserver"
      },
      "engines": {
        "node": ">=14.17"
      }
    },
    "node_modules/undici-types": {
      "version": "7.16.0",
      "resolved": "https://registry.npmjs.org/undici-types/-/undici-types-7.16.0.tgz",
      "integrity": "sha512-Zz+aZWSj8LE6zoxD+xrjh4VfkIG8Ya6LvYkZqtUQGJPZjYl53ypCaUwWqo7eI0x66KBGeRo+mlBEkMSeSZ38Nw==",
      "dev": true,
      "license": "MIT"
    }
  }
}
